
Microsoft Visual Studio Solution File, Format Version 12.00
# Visual Studio Express 2012 for Web
Project("{E24C65DC-7377-472B-9ABA-BC803B73C61A}") = "firsttry", "http://localhost:55115", "{7A17CFB5-DF98-4B2B-B07C-A87045C8A9F5}"
	ProjectSection(WebsiteProperties) = preProject
		UseIISExpress = "true"
		TargetFrameworkMoniker = ".NETFramework,Version%3Dv4.0"
		Debug.AspNetCompiler.VirtualPath = "/localhost_55115"
		Debug.AspNetCompiler.PhysicalPath = "..\..\..\..\svn\research\WebGraphics\firsttry\"
		Debug.AspNetCompiler.TargetPath = "PrecompiledWeb\localhost_55115\"
		Debug.AspNetCompiler.Updateable = "true"
		Debug.AspNetCompiler.ForceOverwrite = "true"
		Debug.AspNetCompiler.FixedNames = "false"
		Debug.AspNetCompiler.Debug = "True"
		Release.AspNetCompiler.VirtualPath = "/localhost_55115"
		Release.AspNetCompiler.PhysicalPath = "..\..\..\..\svn\research\WebGraphics\firsttry\"
		Release.AspNetCompiler.TargetPath = "PrecompiledWeb\localhost_55115\"
		Release.AspNetCompiler.Updateable = "true"
		Release.AspNetCompiler.ForceOverwrite = "true"
		Release.AspNetCompiler.FixedNames = "false"
		Release.AspNetCompiler.Debug = "False"
		SlnRelativePath = "..\..\..\..\svn\research\WebGraphics\firsttry\"
	EndProjectSection
EndProject
Global
	GlobalSection(SolutionConfigurationPlatforms) = preSolution
		Debug|Any CPU = Debug|Any CPU
	EndGlobalSection
	GlobalSection(ProjectConfigurationPlatforms) = postSolution
		{7A17CFB5-DF98-4B2B-B07C-A87045C8A9F5}.Debug|Any CPU.ActiveCfg = Debug|Any CPU
		{7A17CFB5-DF98-4B2B-B07C-A87045C8A9F5}.Debug|Any CPU.Build.0 = Debug|Any CPU
	EndGlobalSection
	GlobalSection(SolutionProperties) = preSolution
		HideSolutionNode = FALSE
	EndGlobalSection
EndGlobal
